# THIS IS AN AUTOGENERATED FILE. DO NOT EDIT THIS FILE DIRECTLY.
# yarn lockfile v1


"@sinonjs/commons@^2.0.0":
  version "2.0.0"
  resolved "https://registry.yarnpkg.com/@sinonjs/commons/-/commons-2.0.0.tgz#fd4ca5b063554307e8327b4564bd56d3b73924a3"
  integrity sha512-uLa0j859mMrg2slwQYdO/AkrOfmH+X6LTVmNTS9CqexuE2IvVORIkSpJLqePAbEnKJ77aMmCwr1NUZ57120Xcg==
  dependencies:
    type-detect "4.0.8"

"@sinonjs/commons@^3.0.0":
  version "3.0.1"
  resolved "https://registry.yarnpkg.com/@sinonjs/commons/-/commons-3.0.1.tgz#1029357e44ca901a615585f6d27738dbc89084cd"
  integrity sha512-K3mCHKQ9sVh8o1C9cxkwxaOmXoAMlDxC1mYyHrjqOWEcBjYr76t96zL2zlj5dUGZ3HSw240X1qgH3Mjf1yJWpQ==
  dependencies:
    type-detect "4.0.8"

"@sinonjs/fake-timers@^11.2.2":
  version "11.2.2"
  resolved "https://registry.yarnpkg.com/@sinonjs/fake-timers/-/fake-timers-11.2.2.tgz#50063cc3574f4a27bd8453180a04171c85cc9699"
  integrity sha512-G2piCSxQ7oWOxwGSAyFHfPIsyeJGXYtc6mFbnFA+kRXkiEnTl8c/8jul2S329iFBnDI9HGoeWWAZvuvOkZccgw==
  dependencies:
    "@sinonjs/commons" "^3.0.0"

"@sinonjs/samsam@^8.0.0":
  version "8.0.0"
  resolved "https://registry.yarnpkg.com/@sinonjs/samsam/-/samsam-8.0.0.tgz#0d488c91efb3fa1442e26abea81759dfc8b5ac60"
  integrity sha512-Bp8KUVlLp8ibJZrnvq2foVhP0IVX2CIprMJPK0vqGqgrDa0OHVKeZyBykqskkrdxV6yKBPmGasO8LVjAKR3Gew==
  dependencies:
    "@sinonjs/commons" "^2.0.0"
    lodash.get "^4.4.2"
    type-detect "^4.0.8"

"@sinonjs/text-encoding@^0.7.2":
  version "0.7.2"
  resolved "https://registry.yarnpkg.com/@sinonjs/text-encoding/-/text-encoding-0.7.2.tgz#5981a8db18b56ba38ef0efb7d995b12aa7b51918"
  integrity sha512-sXXKG+uL9IrKqViTtao2Ws6dy0znu9sOaP1di/jKGW1M6VssO8vlpXCQcpZ+jisQ1tTFAC5Jo/EOzFbggBagFQ==

"@types/debug@^4.1.7":
  version "4.1.12"
  resolved "https://registry.yarnpkg.com/@types/debug/-/debug-4.1.12.tgz#a155f21690871953410df4b6b6f53187f0500917"
  integrity sha512-vIChWdVG3LG1SMxEvI/AK+FWJthlrqlTu7fbrlywTkkaONwk/UAGaULXRlf8vkzFBLVm0zkMdCquhL5aOjhXPQ==
  dependencies:
    "@types/ms" "*"

"@types/events@^3.0.0":
  version "3.0.3"
  resolved "https://registry.yarnpkg.com/@types/events/-/events-3.0.3.tgz#a8ef894305af28d1fc6d2dfdfc98e899591ea529"
  integrity sha512-trOc4AAUThEz9hapPtSd7wf5tiQKvTtu5b371UxXdTuqzIh0ArcRspRP0i0Viu+LXstIQ1z96t1nsPxT9ol01g==

"@types/ms@*":
  version "0.7.34"
  resolved "https://registry.yarnpkg.com/@types/ms/-/ms-0.7.34.tgz#10964ba0dee6ac4cd462e2795b6bebd407303433"
  integrity sha512-nG96G3Wp6acyAgJqGasjODb+acrI7KltPiRxzHPXnP3NgI28bpQDRv53olbqGXbfcgF5aiiHmO3xpwEpS5Ld9g==

classnames@^2.5.1:
  version "2.5.1"
  resolved "https://registry.yarnpkg.com/classnames/-/classnames-2.5.1.tgz#ba774c614be0f016da105c858e7159eae8e7687b"
  integrity sha512-saHYOzhIQs6wy2sVxTM6bUDsQO4F50V9RQ22qBpEdCW+I+/Wmke2HOl6lS6dTpdxVhb88/I6+Hs+438c3lfUow==

debug@^4.3.1:
  version "4.3.4"
  resolved "https://registry.yarnpkg.com/debug/-/debug-4.3.4.tgz#1319f6579357f2338d3337d2cdd4914bb5dcc865"
  integrity sha512-PRWFHuSU3eDtQJPvnNY7Jcket1j0t5OuOsFzPPzsekD52Zl8qUfFIPEiswXqIvHWGVHOgX+7G/vCNNhehwxfkQ==
  dependencies:
    ms "2.1.2"

diff@^5.1.0:
  version "5.2.0"
  resolved "https://registry.yarnpkg.com/diff/-/diff-5.2.0.tgz#26ded047cd1179b78b9537d5ef725503ce1ae531"
  integrity sha512-uIFDxqpRZGZ6ThOk84hEfqWoHx2devRFvpTZcTHur85vImfaxUbTW9Ryh4CpCuDnToOP1CEtXKIgytHBPVff5A==

events@^3.3.0:
  version "3.3.0"
  resolved "https://registry.yarnpkg.com/events/-/events-3.3.0.tgz#31a95ad0a924e2d2c419a813aeb2c4e878ea7400"
  integrity sha512-mQw+2fkQbALzQ7V0MY0IqdnXNOeTtP4r0lN9z7AAawCXgqea7bDii20AYrIBrFd/Hx0M2Ocz6S111CaFkUcb0Q==

has-flag@^4.0.0:
  version "4.0.0"
  resolved "https://registry.yarnpkg.com/has-flag/-/has-flag-4.0.0.tgz#944771fd9c81c81265c4d6941860da06bb59479b"
  integrity sha512-EykJT/Q1KjTWctppgIAgfSO0tKVuZUjhgMr17kqTumMl6Afv3EISleU7qZUzoXDFTAHTDC4NOoG/ZxU3EvlMPQ==

jssip@^3.10.1:
  version "3.10.1"
  resolved "https://registry.yarnpkg.com/jssip/-/jssip-3.10.1.tgz#eccecf2cfabfed5a5578e3bb4f69b0451ccf6ec0"
  integrity sha512-V82JW6fZF02VInHMKgTO9oEXbkZwqezGj9SNaQPh+btriC16FfSPsRBnD+i9IhU9C86JA9le6Z8AZirYnbKi2g==
  dependencies:
    "@types/debug" "^4.1.7"
    "@types/events" "^3.0.0"
    debug "^4.3.1"
    events "^3.3.0"
    sdp-transform "^2.14.1"

just-extend@^6.2.0:
  version "6.2.0"
  resolved "https://registry.yarnpkg.com/just-extend/-/just-extend-6.2.0.tgz#b816abfb3d67ee860482e7401564672558163947"
  integrity sha512-cYofQu2Xpom82S6qD778jBDpwvvy39s1l/hrYij2u9AMdQcGRpaBu6kY4mVhuno5kJVi1DAz4aiphA2WI1/OAw==

lodash.get@^4.4.2:
  version "4.4.2"
  resolved "https://registry.yarnpkg.com/lodash.get/-/lodash.get-4.4.2.tgz#2d177f652fa31e939b4438d5341499dfa3825e99"
  integrity sha512-z+Uw/vLuy6gQe8cfaFWD7p0wVv8fJl3mbzXh33RS+0oW2wvUqiRXiQ69gLWSLpgB5/6sU+r6BlQR0MBILadqTQ==

ms@2.1.2:
  version "2.1.2"
  resolved "https://registry.yarnpkg.com/ms/-/ms-2.1.2.tgz#d09d1f357b443f493382a8eb3ccd183872ae6009"
  integrity sha512-sGkPx+VjMtmA6MX27oA4FBFELFCZZ4S4XqeGOXCv68tT+jb3vk/RyaKWP0PTKyWtmLSM0b+adUTEvbs1PEaH2w==

nise@^5.1.5:
  version "5.1.9"
  resolved "https://registry.yarnpkg.com/nise/-/nise-5.1.9.tgz#0cb73b5e4499d738231a473cd89bd8afbb618139"
  integrity sha512-qOnoujW4SV6e40dYxJOb3uvuoPHtmLzIk4TFo+j0jPJoC+5Z9xja5qH5JZobEPsa8+YYphMrOSwnrshEhG2qww==
  dependencies:
    "@sinonjs/commons" "^3.0.0"
    "@sinonjs/fake-timers" "^11.2.2"
    "@sinonjs/text-encoding" "^0.7.2"
    just-extend "^6.2.0"
    path-to-regexp "^6.2.1"

path-to-regexp@^6.2.1:
  version "6.2.2"
  resolved "https://registry.yarnpkg.com/path-to-regexp/-/path-to-regexp-6.2.2.tgz#324377a83e5049cbecadc5554d6a63a9a4866b36"
  integrity sha512-GQX3SSMokngb36+whdpRXE+3f9V8UzyAorlYvOGx87ufGHehNTn5lCxrKtLyZ4Yl/wEKnNnr98ZzOwwDZV5ogw==

sdp-transform@^2.14.1:
  version "2.14.2"
  resolved "https://registry.yarnpkg.com/sdp-transform/-/sdp-transform-2.14.2.tgz#d2cee6a1f7abe44e6332ac6cbb94e8600f32d813"
  integrity sha512-icY6jVao7MfKCieyo1AyxFYm1baiM+fA00qW/KrNNVlkxHAd34riEKuEkUe4bBb3gJwLJZM+xT60Yj1QL8rHiA==

sinon@^17.0.1:
  version "17.0.1"
  resolved "https://registry.yarnpkg.com/sinon/-/sinon-17.0.1.tgz#26b8ef719261bf8df43f925924cccc96748e407a"
  integrity sha512-wmwE19Lie0MLT+ZYNpDymasPHUKTaZHUH/pKEubRXIzySv9Atnlw+BUMGCzWgV7b7wO+Hw6f1TEOr0IUnmU8/g==
  dependencies:
    "@sinonjs/commons" "^3.0.0"
    "@sinonjs/fake-timers" "^11.2.2"
    "@sinonjs/samsam" "^8.0.0"
    diff "^5.1.0"
    nise "^5.1.5"
    supports-color "^7.2.0"

supports-color@^7.2.0:
  version "7.2.0"
  resolved "https://registry.yarnpkg.com/supports-color/-/supports-color-7.2.0.tgz#1b7dcdcb32b8138801b3e478ba6a51caa89648da"
  integrity sha512-qpCAvRl9stuOHveKsn7HncJRvv501qIacKzQlO/+Lwxc9+0q2wLyv4Dfvt80/DPn2pqOBsJdDiogXGR9+OvwRw==
  dependencies:
    has-flag "^4.0.0"

type-detect@4.0.8, type-detect@^4.0.8:
  version "4.0.8"
  resolved "https://registry.yarnpkg.com/type-detect/-/type-detect-4.0.8.tgz#7646fb5f18871cfbb7749e69bd39a6388eb7450c"
  integrity sha512-0fr/mIH1dlO+x7TlcMy+bIDqKPsw/70tVyeHW787goQjhmqaZe10uwLujubK9q9Lg6Fiho1KUKDYz0Z7k7g5/g==
