{
  "dependencies": {
    "classlist-polyfill": {
      "version": "1.0.2",
      "from": "https://registry.npmjs.org/classlist-polyfill/-/classlist-polyfill-1.0.2.tgz",
      "resolved": "https://registry.npmjs.org/classlist-polyfill/-/classlist-polyfill-1.0.2.tgz"
    },
    "dataset": {
      "version": "0.3.1",
      "from": "https://registry.npmjs.org/dataset/-/dataset-0.3.1.tgz",
      "resolved": "https://registry.npmjs.org/dataset/-/dataset-0.3.1.tgz"
    },
    "foundation": {
      "version": "4.2.1",
      "from": "https://registry.npmjs.org/foundation/-/foundation-4.2.1.tgz",
      "resolved": "https://registry.npmjs.org/foundation/-/foundation-4.2.1.tgz",
      "dependencies": {
        "stylus": {
          "version": "0.32.1",
          "from": "https://registry.npmjs.org/stylus/-/stylus-0.32.1.tgz",
          "resolved": "https://registry.npmjs.org/stylus/-/stylus-0.32.1.tgz",
          "dependencies": {
            "cssom": {
              "version": "0.2.5",
              "from": "https://registry.npmjs.org/cssom/-/cssom-0.2.5.tgz",
              "resolved": "https://registry.npmjs.org/cssom/-/cssom-0.2.5.tgz"
            },
            "mkdirp": {
              "version": "0.3.5",
              "from": "https://registry.npmjs.org/mkdirp/-/mkdirp-0.3.5.tgz",
              "resolved": "https://registry.npmjs.org/mkdirp/-/mkdirp-0.3.5.tgz"
            },
            "debug": {
              "version": "2.2.0",
              "from": "https://registry.npmjs.org/debug/-/debug-2.2.0.tgz",
              "resolved": "https://registry.npmjs.org/debug/-/debug-2.2.0.tgz",
              "dependencies": {
                "ms": {
                  "version": "0.7.1",
                  "from": "https://registry.npmjs.org/ms/-/ms-0.7.1.tgz",
                  "resolved": "https://registry.npmjs.org/ms/-/ms-0.7.1.tgz"
                }
              }
            }
          }
        },
        "stylus-type-utils": {
          "version": "0.0.3",
          "from": "https://registry.npmjs.org/stylus-type-utils/-/stylus-type-utils-0.0.3.tgz",
          "resolved": "https://registry.npmjs.org/stylus-type-utils/-/stylus-type-utils-0.0.3.tgz"
        }
      }
    },
    "jquery": {
      "version": "2.2.0",
      "from": "https://registry.npmjs.org/jquery/-/jquery-2.2.0.tgz",
      "resolved": "https://registry.npmjs.org/jquery/-/jquery-2.2.0.tgz"
    },
    "sizzle": {
      "version": "2.3.0",
      "from": "https://registry.npmjs.org/sizzle/-/sizzle-2.3.0.tgz",
      "resolved": "https://registry.npmjs.org/sizzle/-/sizzle-2.3.0.tgz"
    },
    "wow.js": {
      "version": "1.1.2",
      "from": "https://registry.npmjs.org/wow.js/-/wow.js-1.1.2.tgz",
      "resolved": "https://registry.npmjs.org/wow.js/-/wow.js-1.1.2.tgz"
    }
  }
}
